
Microsoft Visual Studio Solution File, Format Version 12.00
# Visual Studio Version 17
VisualStudioVersion = 17.0.31903.59
MinimumVisualStudioVersion = 10.0.40219.1
Project("{2150E333-8FDC-42A3-9474-1A3956D46DE8}") = "src", "src", "{654CFA64-7AF8-4154-AFC2-337951FF25ED}"
EndProject
Project("{9A19103F-16F7-4668-BE54-9A1E7A4F7556}") = "OrderApi", "src\OrderApi\OrderApi.csproj", "{BD7B31FB-E50E-4D6C-9BFB-E3AC0E34ED59}"
EndProject
Project("{9A19103F-16F7-4668-BE54-9A1E7A4F7556}") = "OrderProcessor.Worker", "src\OrderProcessor.Worker\OrderProcessor.Worker.csproj", "{2EECDE36-99E2-41F7-9A9F-8CFB34A5341E}"
EndProject
Project("{9A19103F-16F7-4668-BE54-9A1E7A4F7556}") = "Shared", "src\Shared\Shared.csproj", "{0CC6182D-7E6D-4AD8-9FE9-AB731AC2FA05}"
EndProject
Project("{2150E333-8FDC-42A3-9474-1A3956D46DE8}") = "tests", "tests", "{837B721B-AF4A-4BAB-95A2-87ECBEC00580}"
EndProject
Project("{9A19103F-16F7-4668-BE54-9A1E7A4F7556}") = "OrderApi.Tests", "tests\OrderApi.Tests\OrderApi.Tests.csproj", "{EEE6F882-507C-4B43-BBB6-2A1CAE4C4F19}"
EndProject
Global
	GlobalSection(SolutionConfigurationPlatforms) = preSolution
		Debug|Any CPU = Debug|Any CPU
		Release|Any CPU = Release|Any CPU
	EndGlobalSection
	GlobalSection(ProjectConfigurationPlatforms) = postSolution
		{BD7B31FB-E50E-4D6C-9BFB-E3AC0E34ED59}.Debug|Any CPU.ActiveCfg = Debug|Any CPU
		{BD7B31FB-E50E-4D6C-9BFB-E3AC0E34ED59}.Debug|Any CPU.Build.0 = Debug|Any CPU
		{BD7B31FB-E50E-4D6C-9BFB-E3AC0E34ED59}.Release|Any CPU.ActiveCfg = Release|Any CPU
		{BD7B31FB-E50E-4D6C-9BFB-E3AC0E34ED59}.Release|Any CPU.Build.0 = Release|Any CPU
		{2EECDE36-99E2-41F7-9A9F-8CFB34A5341E}.Debug|Any CPU.ActiveCfg = Debug|Any CPU
		{2EECDE36-99E2-41F7-9A9F-8CFB34A5341E}.Debug|Any CPU.Build.0 = Debug|Any CPU
		{2EECDE36-99E2-41F7-9A9F-8CFB34A5341E}.Release|Any CPU.ActiveCfg = Release|Any CPU
		{2EECDE36-99E2-41F7-9A9F-8CFB34A5341E}.Release|Any CPU.Build.0 = Release|Any CPU
		{0CC6182D-7E6D-4AD8-9FE9-AB731AC2FA05}.Debug|Any CPU.ActiveCfg = Debug|Any CPU
		{0CC6182D-7E6D-4AD8-9FE9-AB731AC2FA05}.Debug|Any CPU.Build.0 = Debug|Any CPU
		{0CC6182D-7E6D-4AD8-9FE9-AB731AC2FA05}.Release|Any CPU.ActiveCfg = Release|Any CPU
		{0CC6182D-7E6D-4AD8-9FE9-AB731AC2FA05}.Release|Any CPU.Build.0 = Release|Any CPU
		{EEE6F882-507C-4B43-BBB6-2A1CAE4C4F19}.Debug|Any CPU.ActiveCfg = Debug|Any CPU
		{EEE6F882-507C-4B43-BBB6-2A1CAE4C4F19}.Debug|Any CPU.Build.0 = Debug|Any CPU
		{EEE6F882-507C-4B43-BBB6-2A1CAE4C4F19}.Release|Any CPU.ActiveCfg = Release|Any CPU
		{EEE6F882-507C-4B43-BBB6-2A1CAE4C4F19}.Release|Any CPU.Build.0 = Release|Any CPU
	EndGlobalSection
	GlobalSection(SolutionProperties) = preSolution
		HideSolutionNode = FALSE
	EndGlobalSection
	GlobalSection(NestedProjects) = preSolution
		{BD7B31FB-E50E-4D6C-9BFB-E3AC0E34ED59} = {654CFA64-7AF8-4154-AFC2-337951FF25ED}
		{2EECDE36-99E2-41F7-9A9F-8CFB34A5341E} = {654CFA64-7AF8-4154-AFC2-337951FF25ED}
		{0CC6182D-7E6D-4AD8-9FE9-AB731AC2FA05} = {654CFA64-7AF8-4154-AFC2-337951FF25ED}
		{EEE6F882-507C-4B43-BBB6-2A1CAE4C4F19} = {837B721B-AF4A-4BAB-95A2-87ECBEC00580}
	EndGlobalSection
	GlobalSection(ExtensibilityGlobals) = postSolution
		SolutionGuid = {9ACE5445-D88A-48B1-BB41-AB39C4A154BF}
	EndGlobalSection
EndGlobal
